
Microsoft Visual Studio Solution File, Format Version 12.00
# Visual Studio Version 17
VisualStudioVersion = 17.0.31903.59
MinimumVisualStudioVersion = 10.0.40219.1
Project("{2150E333-8FDC-42A3-9474-1A3956D46DE8}") = "src", "src", "{67B26705-CC5A-4353-9BD3-178E66311E11}"
EndProject
Project("{FAE04EC0-301F-11D3-BF4B-00C04F79EFBC}") = "Netsoft.Jobs.Core", "src\Netsoft.Jobs.Core\Netsoft.Jobs.Core.csproj", "{65AE8CB3-3FA6-4436-AC52-B98A80DDEDBA}"
EndProject
Project("{2150E333-8FDC-42A3-9474-1A3956D46DE8}") = "tests", "tests", "{139F545C-2AE4-4BD9-AC30-40E92999C23B}"
EndProject
Project("{FAE04EC0-301F-11D3-BF4B-00C04F79EFBC}") = "Netsoft.Jobs.Core.Tests", "tests\Netsoft.Jobs.Core.Tests\Netsoft.Jobs.Core.Tests.csproj", "{D272D10F-04BF-4EEB-9A6C-4644EE2FFC2F}"
EndProject
Global
	GlobalSection(SolutionConfigurationPlatforms) = preSolution
		Debug|Any CPU = Debug|Any CPU
		Release|Any CPU = Release|Any CPU
	EndGlobalSection
	GlobalSection(SolutionProperties) = preSolution
		HideSolutionNode = FALSE
	EndGlobalSection
	GlobalSection(ProjectConfigurationPlatforms) = postSolution
		{65AE8CB3-3FA6-4436-AC52-B98A80DDEDBA}.Debug|Any CPU.ActiveCfg = Debug|Any CPU
		{65AE8CB3-3FA6-4436-AC52-B98A80DDEDBA}.Debug|Any CPU.Build.0 = Debug|Any CPU
		{65AE8CB3-3FA6-4436-AC52-B98A80DDEDBA}.Release|Any CPU.ActiveCfg = Release|Any CPU
		{65AE8CB3-3FA6-4436-AC52-B98A80DDEDBA}.Release|Any CPU.Build.0 = Release|Any CPU
		{D272D10F-04BF-4EEB-9A6C-4644EE2FFC2F}.Debug|Any CPU.ActiveCfg = Debug|Any CPU
		{D272D10F-04BF-4EEB-9A6C-4644EE2FFC2F}.Debug|Any CPU.Build.0 = Debug|Any CPU
		{D272D10F-04BF-4EEB-9A6C-4644EE2FFC2F}.Release|Any CPU.ActiveCfg = Release|Any CPU
		{D272D10F-04BF-4EEB-9A6C-4644EE2FFC2F}.Release|Any CPU.Build.0 = Release|Any CPU
	EndGlobalSection
	GlobalSection(NestedProjects) = preSolution
		{65AE8CB3-3FA6-4436-AC52-B98A80DDEDBA} = {67B26705-CC5A-4353-9BD3-178E66311E11}
		{D272D10F-04BF-4EEB-9A6C-4644EE2FFC2F} = {139F545C-2AE4-4BD9-AC30-40E92999C23B}
	EndGlobalSection
EndGlobal
